
Microsoft Visual Studio Solution File, Format Version 12.00
# Visual Studio Version 17
VisualStudioVersion = 17.2.32630.192
MinimumVisualStudioVersion = 10.0.40219.1
Project("{9A19103F-16F7-4668-BE54-9A1E7A4F7556}") = "DigitalMakerServer", "DigitalMakerServer\DigitalMakerServer.csproj", "{D70FCB5C-D7EB-4C62-8167-B59E44920BB2}"
EndProject
Project("{9A19103F-16F7-4668-BE54-9A1E7A4F7556}") = "DigitalMakerServer.Tests", "DigitalMakerServer.Tests\DigitalMakerServer.Tests.csproj", "{44B2C64B-4D27-4B8C-830C-A1CD7661FBD8}"
EndProject
Project("{9A19103F-16F7-4668-BE54-9A1E7A4F7556}") = "DigitalMakerApi", "DigitalMakerApi\DigitalMakerApi.csproj", "{71AE373F-4DE7-40DD-A2EB-A1D058517F54}"
EndProject
Project("{9A19103F-16F7-4668-BE54-9A1E7A4F7556}") = "DigitalMakerWorkerApp", "DigitalMakerWorkerApp\DigitalMakerWorkerApp.csproj", "{6760EFFF-B42D-41BF-A31A-BC0E6830FCB6}"
EndProject
Project("{9A19103F-16F7-4668-BE54-9A1E7A4F7556}") = "DigitalMakerPythonInterface.Tests", "DigitalMakerPythonInterface.Tests\DigitalMakerPythonInterface.Tests.csproj", "{C6AD3357-574B-4E54-8F53-19BABB108E73}"
EndProject
Project("{FAE04EC0-301F-11D3-BF4B-00C04F79EFBC}") = "DigitalMakerPythonInterface", "DigitalMakerPythonInterface\DigitalMakerPythonInterface.csproj", "{1557227F-1134-4EF1-A85F-1EDF54D064BB}"
EndProject
Global
	GlobalSection(SolutionConfigurationPlatforms) = preSolution
		Debug|Any CPU = Debug|Any CPU
		Release|Any CPU = Release|Any CPU
	EndGlobalSection
	GlobalSection(ProjectConfigurationPlatforms) = postSolution
		{D70FCB5C-D7EB-4C62-8167-B59E44920BB2}.Debug|Any CPU.ActiveCfg = Debug|Any CPU
		{D70FCB5C-D7EB-4C62-8167-B59E44920BB2}.Debug|Any CPU.Build.0 = Debug|Any CPU
		{D70FCB5C-D7EB-4C62-8167-B59E44920BB2}.Release|Any CPU.ActiveCfg = Release|Any CPU
		{D70FCB5C-D7EB-4C62-8167-B59E44920BB2}.Release|Any CPU.Build.0 = Release|Any CPU
		{44B2C64B-4D27-4B8C-830C-A1CD7661FBD8}.Debug|Any CPU.ActiveCfg = Debug|Any CPU
		{44B2C64B-4D27-4B8C-830C-A1CD7661FBD8}.Debug|Any CPU.Build.0 = Debug|Any CPU
		{44B2C64B-4D27-4B8C-830C-A1CD7661FBD8}.Release|Any CPU.ActiveCfg = Release|Any CPU
		{44B2C64B-4D27-4B8C-830C-A1CD7661FBD8}.Release|Any CPU.Build.0 = Release|Any CPU
		{71AE373F-4DE7-40DD-A2EB-A1D058517F54}.Debug|Any CPU.ActiveCfg = Debug|Any CPU
		{71AE373F-4DE7-40DD-A2EB-A1D058517F54}.Debug|Any CPU.Build.0 = Debug|Any CPU
		{71AE373F-4DE7-40DD-A2EB-A1D058517F54}.Release|Any CPU.ActiveCfg = Release|Any CPU
		{71AE373F-4DE7-40DD-A2EB-A1D058517F54}.Release|Any CPU.Build.0 = Release|Any CPU
		{6760EFFF-B42D-41BF-A31A-BC0E6830FCB6}.Debug|Any CPU.ActiveCfg = Debug|Any CPU
		{6760EFFF-B42D-41BF-A31A-BC0E6830FCB6}.Debug|Any CPU.Build.0 = Debug|Any CPU
		{6760EFFF-B42D-41BF-A31A-BC0E6830FCB6}.Release|Any CPU.ActiveCfg = Release|Any CPU
		{6760EFFF-B42D-41BF-A31A-BC0E6830FCB6}.Release|Any CPU.Build.0 = Release|Any CPU
		{C6AD3357-574B-4E54-8F53-19BABB108E73}.Debug|Any CPU.ActiveCfg = Debug|Any CPU
		{C6AD3357-574B-4E54-8F53-19BABB108E73}.Debug|Any CPU.Build.0 = Debug|Any CPU
		{C6AD3357-574B-4E54-8F53-19BABB108E73}.Release|Any CPU.ActiveCfg = Release|Any CPU
		{C6AD3357-574B-4E54-8F53-19BABB108E73}.Release|Any CPU.Build.0 = Release|Any CPU
		{1557227F-1134-4EF1-A85F-1EDF54D064BB}.Debug|Any CPU.ActiveCfg = Debug|Any CPU
		{1557227F-1134-4EF1-A85F-1EDF54D064BB}.Debug|Any CPU.Build.0 = Debug|Any CPU
		{1557227F-1134-4EF1-A85F-1EDF54D064BB}.Release|Any CPU.ActiveCfg = Release|Any CPU
		{1557227F-1134-4EF1-A85F-1EDF54D064BB}.Release|Any CPU.Build.0 = Release|Any CPU
	EndGlobalSection
	GlobalSection(SolutionProperties) = preSolution
		HideSolutionNode = FALSE
	EndGlobalSection
	GlobalSection(ExtensibilityGlobals) = postSolution
		SolutionGuid = {110A1119-EC63-43C6-8248-6402DA6C6255}
	EndGlobalSection
EndGlobal
